
Microsoft Visual Studio Solution File, Format Version 12.00
# Visual Studio 2013
VisualStudioVersion = 12.0.30723.0
MinimumVisualStudioVersion = 10.0.40219.1
Project("{FAE04EC0-301F-11D3-BF4B-00C04F79EFBC}") = "MVCWebApplication1", "MVCWebApplication1\MVCWebApplication1.csproj", "{069C3787-632C-48CC-8C88-F0426FCBFFFE}"
EndProject
Global
	GlobalSection(SolutionConfigurationPlatforms) = preSolution
		Debug|Any CPU = Debug|Any CPU
		Release|Any CPU = Release|Any CPU
	EndGlobalSection
	GlobalSection(ProjectConfigurationPlatforms) = postSolution
		{069C3787-632C-48CC-8C88-F0426FCBFFFE}.Debug|Any CPU.ActiveCfg = Debug|Any CPU
		{069C3787-632C-48CC-8C88-F0426FCBFFFE}.Debug|Any CPU.Build.0 = Debug|Any CPU
		{069C3787-632C-48CC-8C88-F0426FCBFFFE}.Release|Any CPU.ActiveCfg = Release|Any CPU
		{069C3787-632C-48CC-8C88-F0426FCBFFFE}.Release|Any CPU.Build.0 = Release|Any CPU
	EndGlobalSection
	GlobalSection(SolutionProperties) = preSolution
		HideSolutionNode = FALSE
	EndGlobalSection
EndGlobal
